
Microsoft Visual Studio Solution File, Format Version 12.00
# Visual Studio Version 17
VisualStudioVersion = 17.0.31919.166
MinimumVisualStudioVersion = 10.0.40219.1
Project("{9A19103F-16F7-4668-BE54-9A1E7A4F7556}") = "Day02", "AOC2021-02\Day02.csproj", "{767C2EE8-9E75-460C-9BFC-B603F0BAD741}"
EndProject
Project("{9A19103F-16F7-4668-BE54-9A1E7A4F7556}") = "Day03", "Day03\Day03.csproj", "{F6000EA3-CA8D-4581-B658-5D524133951B}"
EndProject
Project("{9A19103F-16F7-4668-BE54-9A1E7A4F7556}") = "Day04", "Day04\Day04.csproj", "{951B47D9-0E91-45C0-B0E6-5ED8A0C3FDAA}"
EndProject
Project("{9A19103F-16F7-4668-BE54-9A1E7A4F7556}") = "Day05", "Day05\Day05.csproj", "{402DD962-8BA1-4FFB-B28E-CFF2D9AD2B17}"
EndProject
Project("{9A19103F-16F7-4668-BE54-9A1E7A4F7556}") = "Day06", "Day06\Day06.csproj", "{23CAB532-C9B9-4B0C-BD80-44C19385633F}"
EndProject
Project("{9A19103F-16F7-4668-BE54-9A1E7A4F7556}") = "Day08", "Day08\Day08.csproj", "{6837D0A1-9253-4021-9A1F-03099F94DAA8}"
EndProject
Project("{9A19103F-16F7-4668-BE54-9A1E7A4F7556}") = "Day10", "Day10\Day10.csproj", "{FC80E502-AA24-41BC-9BAF-B4B34FE937E9}"
EndProject
Project("{9A19103F-16F7-4668-BE54-9A1E7A4F7556}") = "Day09", "Day09\Day09.csproj", "{1D04BB9F-BDB7-4C0F-B1FE-1ED0D0A697BF}"
EndProject
Project("{9A19103F-16F7-4668-BE54-9A1E7A4F7556}") = "Day11", "Day11\Day11.csproj", "{6BAFB241-8A76-40A9-8BAD-2800BE3ACE48}"
EndProject
Project("{9A19103F-16F7-4668-BE54-9A1E7A4F7556}") = "Day12", "Day12\Day12.csproj", "{5DE36F32-347C-4099-BE26-924EFBA93021}"
EndProject
Project("{9A19103F-16F7-4668-BE54-9A1E7A4F7556}") = "Day13", "Day13\Day13.csproj", "{7BD8B101-2B0A-47BE-8E4A-5C49B1800695}"
EndProject
Project("{9A19103F-16F7-4668-BE54-9A1E7A4F7556}") = "Day14", "Day14\Day14.csproj", "{609F812A-0173-42A9-BB72-77A26A94ED91}"
EndProject
Project("{9A19103F-16F7-4668-BE54-9A1E7A4F7556}") = "Day15", "Day15\Day15.csproj", "{A1CED788-CF60-46C6-A479-DA34018F6B74}"
EndProject
Project("{9A19103F-16F7-4668-BE54-9A1E7A4F7556}") = "Day16", "Day16\Day16.csproj", "{FA298129-324D-43DE-B4A0-1614CF8018A1}"
EndProject
Project("{9A19103F-16F7-4668-BE54-9A1E7A4F7556}") = "Day21", "Day21\Day21.csproj", "{27045B61-BBB1-4DE6-8461-88A80620404F}"
EndProject
Project("{9A19103F-16F7-4668-BE54-9A1E7A4F7556}") = "Day25", "Day25\Day25.csproj", "{2EDC0DD1-C4CA-4192-AE38-29A9E432533C}"
EndProject
Project("{9A19103F-16F7-4668-BE54-9A1E7A4F7556}") = "Day24", "Day24\Day24.csproj", "{1CDCFE13-B85E-406B-B33F-F15BF906831D}"
EndProject
Project("{FAE04EC0-301F-11D3-BF4B-00C04F79EFBC}") = "Day24WPF", "Day24WPF\Day24WPF.csproj", "{A843165F-2AC3-44F4-A666-20D39F89D004}"
EndProject
Global
	GlobalSection(SolutionConfigurationPlatforms) = preSolution
		Debug|Any CPU = Debug|Any CPU
		Release|Any CPU = Release|Any CPU
	EndGlobalSection
	GlobalSection(ProjectConfigurationPlatforms) = postSolution
		{767C2EE8-9E75-460C-9BFC-B603F0BAD741}.Debug|Any CPU.ActiveCfg = Debug|Any CPU
		{767C2EE8-9E75-460C-9BFC-B603F0BAD741}.Debug|Any CPU.Build.0 = Debug|Any CPU
		{767C2EE8-9E75-460C-9BFC-B603F0BAD741}.Release|Any CPU.ActiveCfg = Release|Any CPU
		{767C2EE8-9E75-460C-9BFC-B603F0BAD741}.Release|Any CPU.Build.0 = Release|Any CPU
		{F6000EA3-CA8D-4581-B658-5D524133951B}.Debug|Any CPU.ActiveCfg = Debug|Any CPU
		{F6000EA3-CA8D-4581-B658-5D524133951B}.Debug|Any CPU.Build.0 = Debug|Any CPU
		{F6000EA3-CA8D-4581-B658-5D524133951B}.Release|Any CPU.ActiveCfg = Release|Any CPU
		{F6000EA3-CA8D-4581-B658-5D524133951B}.Release|Any CPU.Build.0 = Release|Any CPU
		{951B47D9-0E91-45C0-B0E6-5ED8A0C3FDAA}.Debug|Any CPU.ActiveCfg = Debug|Any CPU
		{951B47D9-0E91-45C0-B0E6-5ED8A0C3FDAA}.Debug|Any CPU.Build.0 = Debug|Any CPU
		{951B47D9-0E91-45C0-B0E6-5ED8A0C3FDAA}.Release|Any CPU.ActiveCfg = Release|Any CPU
		{951B47D9-0E91-45C0-B0E6-5ED8A0C3FDAA}.Release|Any CPU.Build.0 = Release|Any CPU
		{402DD962-8BA1-4FFB-B28E-CFF2D9AD2B17}.Debug|Any CPU.ActiveCfg = Debug|Any CPU
		{402DD962-8BA1-4FFB-B28E-CFF2D9AD2B17}.Debug|Any CPU.Build.0 = Debug|Any CPU
		{402DD962-8BA1-4FFB-B28E-CFF2D9AD2B17}.Release|Any CPU.ActiveCfg = Release|Any CPU
		{402DD962-8BA1-4FFB-B28E-CFF2D9AD2B17}.Release|Any CPU.Build.0 = Release|Any CPU
		{23CAB532-C9B9-4B0C-BD80-44C19385633F}.Debug|Any CPU.ActiveCfg = Debug|Any CPU
		{23CAB532-C9B9-4B0C-BD80-44C19385633F}.Debug|Any CPU.Build.0 = Debug|Any CPU
		{23CAB532-C9B9-4B0C-BD80-44C19385633F}.Release|Any CPU.ActiveCfg = Release|Any CPU
		{23CAB532-C9B9-4B0C-BD80-44C19385633F}.Release|Any CPU.Build.0 = Release|Any CPU
		{6837D0A1-9253-4021-9A1F-03099F94DAA8}.Debug|Any CPU.ActiveCfg = Debug|Any CPU
		{6837D0A1-9253-4021-9A1F-03099F94DAA8}.Debug|Any CPU.Build.0 = Debug|Any CPU
		{6837D0A1-9253-4021-9A1F-03099F94DAA8}.Release|Any CPU.ActiveCfg = Release|Any CPU
		{6837D0A1-9253-4021-9A1F-03099F94DAA8}.Release|Any CPU.Build.0 = Release|Any CPU
		{FC80E502-AA24-41BC-9BAF-B4B34FE937E9}.Debug|Any CPU.ActiveCfg = Debug|Any CPU
		{FC80E502-AA24-41BC-9BAF-B4B34FE937E9}.Debug|Any CPU.Build.0 = Debug|Any CPU
		{FC80E502-AA24-41BC-9BAF-B4B34FE937E9}.Release|Any CPU.ActiveCfg = Release|Any CPU
		{FC80E502-AA24-41BC-9BAF-B4B34FE937E9}.Release|Any CPU.Build.0 = Release|Any CPU
		{1D04BB9F-BDB7-4C0F-B1FE-1ED0D0A697BF}.Debug|Any CPU.ActiveCfg = Debug|Any CPU
		{1D04BB9F-BDB7-4C0F-B1FE-1ED0D0A697BF}.Debug|Any CPU.Build.0 = Debug|Any CPU
		{1D04BB9F-BDB7-4C0F-B1FE-1ED0D0A697BF}.Release|Any CPU.ActiveCfg = Release|Any CPU
		{1D04BB9F-BDB7-4C0F-B1FE-1ED0D0A697BF}.Release|Any CPU.Build.0 = Release|Any CPU
		{6BAFB241-8A76-40A9-8BAD-2800BE3ACE48}.Debug|Any CPU.ActiveCfg = Debug|Any CPU
		{6BAFB241-8A76-40A9-8BAD-2800BE3ACE48}.Debug|Any CPU.Build.0 = Debug|Any CPU
		{6BAFB241-8A76-40A9-8BAD-2800BE3ACE48}.Release|Any CPU.ActiveCfg = Release|Any CPU
		{6BAFB241-8A76-40A9-8BAD-2800BE3ACE48}.Release|Any CPU.Build.0 = Release|Any CPU
		{5DE36F32-347C-4099-BE26-924EFBA93021}.Debug|Any CPU.ActiveCfg = Debug|Any CPU
		{5DE36F32-347C-4099-BE26-924EFBA93021}.Debug|Any CPU.Build.0 = Debug|Any CPU
		{5DE36F32-347C-4099-BE26-924EFBA93021}.Release|Any CPU.ActiveCfg = Release|Any CPU
		{5DE36F32-347C-4099-BE26-924EFBA93021}.Release|Any CPU.Build.0 = Release|Any CPU
		{7BD8B101-2B0A-47BE-8E4A-5C49B1800695}.Debug|Any CPU.ActiveCfg = Debug|Any CPU
		{7BD8B101-2B0A-47BE-8E4A-5C49B1800695}.Debug|Any CPU.Build.0 = Debug|Any CPU
		{7BD8B101-2B0A-47BE-8E4A-5C49B1800695}.Release|Any CPU.ActiveCfg = Release|Any CPU
		{7BD8B101-2B0A-47BE-8E4A-5C49B1800695}.Release|Any CPU.Build.0 = Release|Any CPU
		{609F812A-0173-42A9-BB72-77A26A94ED91}.Debug|Any CPU.ActiveCfg = Debug|Any CPU
		{609F812A-0173-42A9-BB72-77A26A94ED91}.Debug|Any CPU.Build.0 = Debug|Any CPU
		{609F812A-0173-42A9-BB72-77A26A94ED91}.Release|Any CPU.ActiveCfg = Release|Any CPU
		{609F812A-0173-42A9-BB72-77A26A94ED91}.Release|Any CPU.Build.0 = Release|Any CPU
		{A1CED788-CF60-46C6-A479-DA34018F6B74}.Debug|Any CPU.ActiveCfg = Debug|Any CPU
		{A1CED788-CF60-46C6-A479-DA34018F6B74}.Debug|Any CPU.Build.0 = Debug|Any CPU
		{A1CED788-CF60-46C6-A479-DA34018F6B74}.Release|Any CPU.ActiveCfg = Release|Any CPU
		{A1CED788-CF60-46C6-A479-DA34018F6B74}.Release|Any CPU.Build.0 = Release|Any CPU
		{FA298129-324D-43DE-B4A0-1614CF8018A1}.Debug|Any CPU.ActiveCfg = Debug|Any CPU
		{FA298129-324D-43DE-B4A0-1614CF8018A1}.Debug|Any CPU.Build.0 = Debug|Any CPU
		{FA298129-324D-43DE-B4A0-1614CF8018A1}.Release|Any CPU.ActiveCfg = Release|Any CPU
		{FA298129-324D-43DE-B4A0-1614CF8018A1}.Release|Any CPU.Build.0 = Release|Any CPU
		{27045B61-BBB1-4DE6-8461-88A80620404F}.Debug|Any CPU.ActiveCfg = Debug|Any CPU
		{27045B61-BBB1-4DE6-8461-88A80620404F}.Debug|Any CPU.Build.0 = Debug|Any CPU
		{27045B61-BBB1-4DE6-8461-88A80620404F}.Release|Any CPU.ActiveCfg = Release|Any CPU
		{27045B61-BBB1-4DE6-8461-88A80620404F}.Release|Any CPU.Build.0 = Release|Any CPU
		{2EDC0DD1-C4CA-4192-AE38-29A9E432533C}.Debug|Any CPU.ActiveCfg = Debug|Any CPU
		{2EDC0DD1-C4CA-4192-AE38-29A9E432533C}.Debug|Any CPU.Build.0 = Debug|Any CPU
		{2EDC0DD1-C4CA-4192-AE38-29A9E432533C}.Release|Any CPU.ActiveCfg = Release|Any CPU
		{2EDC0DD1-C4CA-4192-AE38-29A9E432533C}.Release|Any CPU.Build.0 = Release|Any CPU
		{1CDCFE13-B85E-406B-B33F-F15BF906831D}.Debug|Any CPU.ActiveCfg = Debug|Any CPU
		{1CDCFE13-B85E-406B-B33F-F15BF906831D}.Debug|Any CPU.Build.0 = Debug|Any CPU
		{1CDCFE13-B85E-406B-B33F-F15BF906831D}.Release|Any CPU.ActiveCfg = Release|Any CPU
		{1CDCFE13-B85E-406B-B33F-F15BF906831D}.Release|Any CPU.Build.0 = Release|Any CPU
		{A843165F-2AC3-44F4-A666-20D39F89D004}.Debug|Any CPU.ActiveCfg = Debug|Any CPU
		{A843165F-2AC3-44F4-A666-20D39F89D004}.Debug|Any CPU.Build.0 = Debug|Any CPU
		{A843165F-2AC3-44F4-A666-20D39F89D004}.Release|Any CPU.ActiveCfg = Release|Any CPU
		{A843165F-2AC3-44F4-A666-20D39F89D004}.Release|Any CPU.Build.0 = Release|Any CPU
	EndGlobalSection
	GlobalSection(SolutionProperties) = preSolution
		HideSolutionNode = FALSE
	EndGlobalSection
	GlobalSection(ExtensibilityGlobals) = postSolution
		SolutionGuid = {CBC4D217-839A-4380-9DDE-F3827EE1B1CC}
	EndGlobalSection
EndGlobal
