
Microsoft Visual Studio Solution File, Format Version 12.00
# Visual Studio Version 17
VisualStudioVersion = 17.0.31919.166
MinimumVisualStudioVersion = 10.0.40219.1
Project("{9A19103F-16F7-4668-BE54-9A1E7A4F7556}") = "Day02", "AOC2021-02\Day02.csproj", "{767C2EE8-9E75-460C-9BFC-B603F0BAD741}"
EndProject
Project("{9A19103F-16F7-4668-BE54-9A1E7A4F7556}") = "Day03", "Day03\Day03.csproj", "{F6000EA3-CA8D-4581-B658-5D524133951B}"
EndProject
Project("{9A19103F-16F7-4668-BE54-9A1E7A4F7556}") = "Day04", "Day04\Day04.csproj", "{951B47D9-0E91-45C0-B0E6-5ED8A0C3FDAA}"
EndProject
Project("{9A19103F-16F7-4668-BE54-9A1E7A4F7556}") = "Day05", "Day05\Day05.csproj", "{402DD962-8BA1-4FFB-B28E-CFF2D9AD2B17}"
EndProject
Project("{FAE04EC0-301F-11D3-BF4B-00C04F79EFBC}") = "Day06", "Day06\Day06.csproj", "{23CAB532-C9B9-4B0C-BD80-44C19385633F}"
EndProject
Global
	GlobalSection(SolutionConfigurationPlatforms) = preSolution
		Debug|Any CPU = Debug|Any CPU
		Release|Any CPU = Release|Any CPU
	EndGlobalSection
	GlobalSection(ProjectConfigurationPlatforms) = postSolution
		{767C2EE8-9E75-460C-9BFC-B603F0BAD741}.Debug|Any CPU.ActiveCfg = Debug|Any CPU
		{767C2EE8-9E75-460C-9BFC-B603F0BAD741}.Debug|Any CPU.Build.0 = Debug|Any CPU
		{767C2EE8-9E75-460C-9BFC-B603F0BAD741}.Release|Any CPU.ActiveCfg = Release|Any CPU
		{767C2EE8-9E75-460C-9BFC-B603F0BAD741}.Release|Any CPU.Build.0 = Release|Any CPU
		{F6000EA3-CA8D-4581-B658-5D524133951B}.Debug|Any CPU.ActiveCfg = Debug|Any CPU
		{F6000EA3-CA8D-4581-B658-5D524133951B}.Debug|Any CPU.Build.0 = Debug|Any CPU
		{F6000EA3-CA8D-4581-B658-5D524133951B}.Release|Any CPU.ActiveCfg = Release|Any CPU
		{F6000EA3-CA8D-4581-B658-5D524133951B}.Release|Any CPU.Build.0 = Release|Any CPU
		{951B47D9-0E91-45C0-B0E6-5ED8A0C3FDAA}.Debug|Any CPU.ActiveCfg = Debug|Any CPU
		{951B47D9-0E91-45C0-B0E6-5ED8A0C3FDAA}.Debug|Any CPU.Build.0 = Debug|Any CPU
		{951B47D9-0E91-45C0-B0E6-5ED8A0C3FDAA}.Release|Any CPU.ActiveCfg = Release|Any CPU
		{951B47D9-0E91-45C0-B0E6-5ED8A0C3FDAA}.Release|Any CPU.Build.0 = Release|Any CPU
		{402DD962-8BA1-4FFB-B28E-CFF2D9AD2B17}.Debug|Any CPU.ActiveCfg = Debug|Any CPU
		{402DD962-8BA1-4FFB-B28E-CFF2D9AD2B17}.Debug|Any CPU.Build.0 = Debug|Any CPU
		{402DD962-8BA1-4FFB-B28E-CFF2D9AD2B17}.Release|Any CPU.ActiveCfg = Release|Any CPU
		{402DD962-8BA1-4FFB-B28E-CFF2D9AD2B17}.Release|Any CPU.Build.0 = Release|Any CPU
		{23CAB532-C9B9-4B0C-BD80-44C19385633F}.Debug|Any CPU.ActiveCfg = Debug|Any CPU
		{23CAB532-C9B9-4B0C-BD80-44C19385633F}.Debug|Any CPU.Build.0 = Debug|Any CPU
		{23CAB532-C9B9-4B0C-BD80-44C19385633F}.Release|Any CPU.ActiveCfg = Release|Any CPU
		{23CAB532-C9B9-4B0C-BD80-44C19385633F}.Release|Any CPU.Build.0 = Release|Any CPU
	EndGlobalSection
	GlobalSection(SolutionProperties) = preSolution
		HideSolutionNode = FALSE
	EndGlobalSection
	GlobalSection(ExtensibilityGlobals) = postSolution
		SolutionGuid = {CBC4D217-839A-4380-9DDE-F3827EE1B1CC}
	EndGlobalSection
EndGlobal
